{
  "object": {
    "pins": [
      {
        "package": "AnyCodable",
        "repositoryURL": "https://github.com/mickeyl/AnyCodable",
        "state": {
          "branch": null,
          "revision": "bcbafbc461058bda170ca59013ba599b5613e72a",
          "version": "0.6.6"
        }
      },
      {
        "package": "BitByteData",
        "repositoryURL": "https://github.com/tsolomko/BitByteData",
        "state": {
          "branch": null,
          "revision": "b4b41619522aacd7aae7b02fa8360833e796a03d",
          "version": "2.0.2"
        }
      },
      {
        "package": "CornucopiaCore",
        "repositoryURL": "https://github.com/Cornucopia-Swift/CornucopiaCore",
        "state": {
          "branch": "master",
          "revision": "db1b32d350db2def61dabf1279d7901b873ad902",
          "version": null
        }
      },
      {
        "package": "SWCompression",
        "repositoryURL": "https://github.com/tsolomko/SWCompression",
        "state": {
          "branch": null,
          "revision": "6fe73cb9a0d2e70a80ec892724ac19b683f398e0",
          "version": "4.8.3"
        }
      },
      {
        "package": "swift-argument-parser",
        "repositoryURL": "https://github.com/apple/swift-argument-parser",
        "state": {
          "branch": null,
          "revision": "9f39744e025c7d377987f30b03770805dcb0bcd1",
          "version": "1.1.4"
        }
      },
      {
        "package": "swift-crypto",
        "repositoryURL": "https://github.com/apple/swift-crypto",
        "state": {
          "branch": null,
          "revision": "ddb07e896a2a8af79512543b1c7eb9797f8898a5",
          "version": "1.1.7"
        }
      }
    ]
  },
  "version": 1
}
